{
  "name": "minoss-hue",
  "version": "0.1.8",
  "lockfileVersion": 1,
  "requires": true,
  "dependencies": {
    "@peter-murray/hue-bridge-model": {
      "version": "2.1.1",
      "resolved": "https://registry.npmjs.org/@peter-murray/hue-bridge-model/-/hue-bridge-model-2.1.1.tgz",
      "integrity": "sha512-RdnTRY6YOP0TS1z7elRuvD2LsxV+/fwZsl967Ihwvk/SUjQ0247plc6YRM2bEeDBUi06HpcE+tGV4GQBMlVAeg=="
    },
    "bottleneck": {
      "version": "2.19.5",
      "resolved": "https://registry.npmjs.org/bottleneck/-/bottleneck-2.19.5.tgz",
      "integrity": "sha512-VHiNCbI1lKdl44tGrhNfU3lup0Tj/ZBMJB5/2ZbNXRCPuRCO7ed2mgcK4r17y+KB2EfuYuRaVlwNbAeaWGSpbw=="
    },
    "node-dns-sd": {
      "version": "1.0.1",
      "resolved": "https://registry.npmjs.org/node-dns-sd/-/node-dns-sd-1.0.1.tgz",
      "integrity": "sha512-GCL6FgvkHoDnvJ1Yamf8mY16lYymWmYxjne4q1MC9C8sTZn9XR3BbwsrBQGikMESMFDFLC5MovNZn6wFl1yrdQ=="
    },
    "node-fetch": {
      "version": "2.6.9",
      "resolved": "https://registry.npmjs.org/node-fetch/-/node-fetch-2.6.9.tgz",
      "integrity": "sha512-DJm/CJkZkRjKKj4Zi4BsKVZh3ValV5IR5s7LVZnW+6YMh0W1BfNA8XSs6DLMGYlId5F3KnA70uu2qepcR08Qqg==",
      "requires": {
        "whatwg-url": "^5.0.0"
      }
    },
    "node-hue-api": {
      "version": "5.0.0-beta.16",
      "resolved": "https://registry.npmjs.org/node-hue-api/-/node-hue-api-5.0.0-beta.16.tgz",
      "integrity": "sha512-JsCQlhOt9e556zzb50BzsMjQ2/Pj1J6srtQS+6mwAhjXsCMT8jm6wEmQCDb7sXVn+5LFtKpq4nmYix1fBWtm8A==",
      "requires": {
        "@peter-murray/hue-bridge-model": "^2.0.1",
        "bottleneck": "^2.19.5",
        "node-dns-sd": "^1.0.1",
        "node-fetch": "^2.6.1"
      }
    },
    "tr46": {
      "version": "0.0.3",
      "resolved": "https://registry.npmjs.org/tr46/-/tr46-0.0.3.tgz",
      "integrity": "sha512-N3WMsuqV66lT30CrXNbEjx4GEwlow3v6rr4mCcv6prnfwhS01rkgyFdjPNBYd9br7LpXV1+Emh01fHnq2Gdgrw=="
    },
    "webidl-conversions": {
      "version": "3.0.1",
      "resolved": "https://registry.npmjs.org/webidl-conversions/-/webidl-conversions-3.0.1.tgz",
      "integrity": "sha512-2JAn3z8AR6rjK8Sm8orRC0h/bcl/DqL7tRPdGZ4I1CjdF+EaMLmYxBHyXuKL849eucPFhvBoxMsflfOb8kxaeQ=="
    },
    "whatwg-url": {
      "version": "5.0.0",
      "resolved": "https://registry.npmjs.org/whatwg-url/-/whatwg-url-5.0.0.tgz",
      "integrity": "sha512-saE57nupxk6v3HY35+jzBwYa0rKSy0XR8JSxZPwgLr7ys0IBzhGviA1/TUGJLmSVqs8pb9AnvICXEuOHLprYTw==",
      "requires": {
        "tr46": "~0.0.3",
        "webidl-conversions": "^3.0.0"
      }
    }
  }
}
